
Microsoft Visual Studio Solution File, Format Version 12.00
# Visual Studio Version 16
VisualStudioVersion = 16.0.30804.86
MinimumVisualStudioVersion = 10.0.40219.1
Project("{9A19103F-16F7-4668-BE54-9A1E7A4F7556}") = "DataAccess", "DataAccess\DataAccess.csproj", "{FC7DDEDE-5C33-454D-995F-D7772FE93902}"
EndProject
Project("{9A19103F-16F7-4668-BE54-9A1E7A4F7556}") = "Business", "Business\Business.csproj", "{B7639F38-CEDD-46E9-AA49-9B63E06D3B39}"
EndProject
Project("{9A19103F-16F7-4668-BE54-9A1E7A4F7556}") = "Entities", "Entities\Entities.csproj", "{3D7B1B06-7489-4254-81F1-16E55C4B5A03}"
EndProject
Project("{9A19103F-16F7-4668-BE54-9A1E7A4F7556}") = "ConsoleUI", "ConsoleUI\ConsoleUI.csproj", "{C8873F6F-C02F-4F4E-9AD0-53A72DA42B19}"
EndProject
Project("{9A19103F-16F7-4668-BE54-9A1E7A4F7556}") = "Core", "Core\Core.csproj", "{0AF5128B-1ABE-4A0F-800B-178D89DFDA8B}"
EndProject
Project("{FAE04EC0-301F-11D3-BF4B-00C04F79EFBC}") = "WebAPI", "WebAPI\WebAPI.csproj", "{586EAF23-08F0-4CDE-B32C-72928F7B6BE4}"
EndProject
Global
	GlobalSection(SolutionConfigurationPlatforms) = preSolution
		Debug|Any CPU = Debug|Any CPU
		Release|Any CPU = Release|Any CPU
	EndGlobalSection
	GlobalSection(ProjectConfigurationPlatforms) = postSolution
		{FC7DDEDE-5C33-454D-995F-D7772FE93902}.Debug|Any CPU.ActiveCfg = Debug|Any CPU
		{FC7DDEDE-5C33-454D-995F-D7772FE93902}.Debug|Any CPU.Build.0 = Debug|Any CPU
		{FC7DDEDE-5C33-454D-995F-D7772FE93902}.Release|Any CPU.ActiveCfg = Release|Any CPU
		{FC7DDEDE-5C33-454D-995F-D7772FE93902}.Release|Any CPU.Build.0 = Release|Any CPU
		{B7639F38-CEDD-46E9-AA49-9B63E06D3B39}.Debug|Any CPU.ActiveCfg = Debug|Any CPU
		{B7639F38-CEDD-46E9-AA49-9B63E06D3B39}.Debug|Any CPU.Build.0 = Debug|Any CPU
		{B7639F38-CEDD-46E9-AA49-9B63E06D3B39}.Release|Any CPU.ActiveCfg = Release|Any CPU
		{B7639F38-CEDD-46E9-AA49-9B63E06D3B39}.Release|Any CPU.Build.0 = Release|Any CPU
		{3D7B1B06-7489-4254-81F1-16E55C4B5A03}.Debug|Any CPU.ActiveCfg = Debug|Any CPU
		{3D7B1B06-7489-4254-81F1-16E55C4B5A03}.Debug|Any CPU.Build.0 = Debug|Any CPU
		{3D7B1B06-7489-4254-81F1-16E55C4B5A03}.Release|Any CPU.ActiveCfg = Release|Any CPU
		{3D7B1B06-7489-4254-81F1-16E55C4B5A03}.Release|Any CPU.Build.0 = Release|Any CPU
		{C8873F6F-C02F-4F4E-9AD0-53A72DA42B19}.Debug|Any CPU.ActiveCfg = Debug|Any CPU
		{C8873F6F-C02F-4F4E-9AD0-53A72DA42B19}.Debug|Any CPU.Build.0 = Debug|Any CPU
		{C8873F6F-C02F-4F4E-9AD0-53A72DA42B19}.Release|Any CPU.ActiveCfg = Release|Any CPU
		{C8873F6F-C02F-4F4E-9AD0-53A72DA42B19}.Release|Any CPU.Build.0 = Release|Any CPU
		{0AF5128B-1ABE-4A0F-800B-178D89DFDA8B}.Debug|Any CPU.ActiveCfg = Debug|Any CPU
		{0AF5128B-1ABE-4A0F-800B-178D89DFDA8B}.Debug|Any CPU.Build.0 = Debug|Any CPU
		{0AF5128B-1ABE-4A0F-800B-178D89DFDA8B}.Release|Any CPU.ActiveCfg = Release|Any CPU
		{0AF5128B-1ABE-4A0F-800B-178D89DFDA8B}.Release|Any CPU.Build.0 = Release|Any CPU
		{586EAF23-08F0-4CDE-B32C-72928F7B6BE4}.Debug|Any CPU.ActiveCfg = Debug|Any CPU
		{586EAF23-08F0-4CDE-B32C-72928F7B6BE4}.Debug|Any CPU.Build.0 = Debug|Any CPU
		{586EAF23-08F0-4CDE-B32C-72928F7B6BE4}.Release|Any CPU.ActiveCfg = Release|Any CPU
		{586EAF23-08F0-4CDE-B32C-72928F7B6BE4}.Release|Any CPU.Build.0 = Release|Any CPU
	EndGlobalSection
	GlobalSection(SolutionProperties) = preSolution
		HideSolutionNode = FALSE
	EndGlobalSection
	GlobalSection(ExtensibilityGlobals) = postSolution
		SolutionGuid = {7D4B645C-508B-4588-8A0D-9D67A344AA6F}
	EndGlobalSection
EndGlobal
